
Microsoft Visual Studio Solution File, Format Version 12.00
# Visual Studio Version 16
VisualStudioVersion = 16.0.30907.101
MinimumVisualStudioVersion = 10.0.40219.1
Project("{FAE04EC0-301F-11D3-BF4B-00C04F79EFBC}") = "WPFTetris", "WPFTetris\WPFTetris.csproj", "{8733D000-850E-4606-AE17-A1B0BCB218FF}"
EndProject
Project("{FAE04EC0-301F-11D3-BF4B-00C04F79EFBC}") = "TetrisTest", "TetrisTest\TetrisTest.csproj", "{A4FF7E5F-D44D-4103-8EEA-1BB9EE54BA07}"
EndProject
Global
	GlobalSection(SolutionConfigurationPlatforms) = preSolution
		Debug|Any CPU = Debug|Any CPU
		Release|Any CPU = Release|Any CPU
	EndGlobalSection
	GlobalSection(ProjectConfigurationPlatforms) = postSolution
		{8733D000-850E-4606-AE17-A1B0BCB218FF}.Debug|Any CPU.ActiveCfg = Debug|Any CPU
		{8733D000-850E-4606-AE17-A1B0BCB218FF}.Debug|Any CPU.Build.0 = Debug|Any CPU
		{8733D000-850E-4606-AE17-A1B0BCB218FF}.Release|Any CPU.ActiveCfg = Release|Any CPU
		{8733D000-850E-4606-AE17-A1B0BCB218FF}.Release|Any CPU.Build.0 = Release|Any CPU
		{A4FF7E5F-D44D-4103-8EEA-1BB9EE54BA07}.Debug|Any CPU.ActiveCfg = Debug|Any CPU
		{A4FF7E5F-D44D-4103-8EEA-1BB9EE54BA07}.Debug|Any CPU.Build.0 = Debug|Any CPU
		{A4FF7E5F-D44D-4103-8EEA-1BB9EE54BA07}.Release|Any CPU.ActiveCfg = Release|Any CPU
		{A4FF7E5F-D44D-4103-8EEA-1BB9EE54BA07}.Release|Any CPU.Build.0 = Release|Any CPU
	EndGlobalSection
	GlobalSection(SolutionProperties) = preSolution
		HideSolutionNode = FALSE
	EndGlobalSection
	GlobalSection(ExtensibilityGlobals) = postSolution
		SolutionGuid = {5982AE5E-E0C2-41AC-A995-7262891B5FE6}
	EndGlobalSection
EndGlobal
